// !$*UTF8*$!
{
	archiveVersion = 1;
	classes = {
	};
	objectVersion = 46;
	objects = {

/* Begin PBXBuildFile section */
		7B66FF081F97CF220001EC54 /* GlobalReadline.swift in Sources */ = {isa = PBXBuildFile; fileRef = 7B66FF071F97CF220001EC54 /* GlobalReadline.swift */; };
		7B66FF0A1F991FD30001EC54 /* Box.swift in Sources */ = {isa = PBXBuildFile; fileRef = 7B66FF091F991FD30001EC54 /* Box.swift */; };
		B5843EAB1F7A856900C2C910 /* main.swift in Sources */ = {isa = PBXBuildFile; fileRef = B5843EAA1F7A856900C2C910 /* main.swift */; };
		B5843EB21F7A85AB00C2C910 /* Fighter.swift in Sources */ = {isa = PBXBuildFile; fileRef = B5843EB11F7A85AB00C2C910 /* Fighter.swift */; };
		B5843EB41F7A85C200C2C910 /* Mage.swift in Sources */ = {isa = PBXBuildFile; fileRef = B5843EB31F7A85C200C2C910 /* Mage.swift */; };
		B5843EB61F7A85D600C2C910 /* Colossus.swift in Sources */ = {isa = PBXBuildFile; fileRef = B5843EB51F7A85D600C2C910 /* Colossus.swift */; };
		B5843EB81F7A85DE00C2C910 /* Dwarf.swift in Sources */ = {isa = PBXBuildFile; fileRef = B5843EB71F7A85DE00C2C910 /* Dwarf.swift */; };
		B5843EBA1F7A86EA00C2C910 /* Character.swift in Sources */ = {isa = PBXBuildFile; fileRef = B5843EB91F7A86EA00C2C910 /* Character.swift */; };
		B5843EC11F7A9D9400C2C910 /* Weapon.swift in Sources */ = {isa = PBXBuildFile; fileRef = B5843EC01F7A9D9400C2C910 /* Weapon.swift */; };
		B5843EC31F7AE50400C2C910 /* Game.swift in Sources */ = {isa = PBXBuildFile; fileRef = B5843EC21F7AE50400C2C910 /* Game.swift */; };
		B5843EC51F7AE9D000C2C910 /* Player.swift in Sources */ = {isa = PBXBuildFile; fileRef = B5843EC41F7AE9D000C2C910 /* Player.swift */; };
		B5843EC71F7AF1BC00C2C910 /* Statics.swift in Sources */ = {isa = PBXBuildFile; fileRef = B5843EC61F7AF1BC00C2C910 /* Statics.swift */; };
		B5843ECB1F7D824E00C2C910 /* GlobalPrinter.swift in Sources */ = {isa = PBXBuildFile; fileRef = B5843ECA1F7D824E00C2C910 /* GlobalPrinter.swift */; };
/* End PBXBuildFile section */

/* Begin PBXCopyFilesBuildPhase section */
		B5843EA51F7A856900C2C910 /* CopyFiles */ = {
			isa = PBXCopyFilesBuildPhase;
			buildActionMask = 2147483647;
			dstPath = /usr/share/man/man1/;
			dstSubfolderSpec = 0;
			files = (
			);
			runOnlyForDeploymentPostprocessing = 1;
		};
/* End PBXCopyFilesBuildPhase section */

/* Begin PBXFileReference section */
		7B66FF071F97CF220001EC54 /* GlobalReadline.swift */ = {isa = PBXFileReference; lastKnownFileType = sourcecode.swift; path = GlobalReadline.swift; sourceTree = "<group>"; };
		7B66FF091F991FD30001EC54 /* Box.swift */ = {isa = PBXFileReference; lastKnownFileType = sourcecode.swift; path = Box.swift; sourceTree = "<group>"; };
		B5843EA71F7A856900C2C910 /* Projet 3 - DA iOS */ = {isa = PBXFileReference; explicitFileType = "compiled.mach-o.executable"; includeInIndex = 0; path = "Projet 3 - DA iOS"; sourceTree = BUILT_PRODUCTS_DIR; };
		B5843EAA1F7A856900C2C910 /* main.swift */ = {isa = PBXFileReference; lastKnownFileType = sourcecode.swift; path = main.swift; sourceTree = "<group>"; };
		B5843EB11F7A85AB00C2C910 /* Fighter.swift */ = {isa = PBXFileReference; fileEncoding = 4; lastKnownFileType = sourcecode.swift; path = Fighter.swift; sourceTree = "<group>"; };
		B5843EB31F7A85C200C2C910 /* Mage.swift */ = {isa = PBXFileReference; fileEncoding = 4; lastKnownFileType = sourcecode.swift; path = Mage.swift; sourceTree = "<group>"; };
		B5843EB51F7A85D600C2C910 /* Colossus.swift */ = {isa = PBXFileReference; fileEncoding = 4; lastKnownFileType = sourcecode.swift; path = Colossus.swift; sourceTree = "<group>"; };
		B5843EB71F7A85DE00C2C910 /* Dwarf.swift */ = {isa = PBXFileReference; fileEncoding = 4; lastKnownFileType = sourcecode.swift; path = Dwarf.swift; sourceTree = "<group>"; };
		B5843EB91F7A86EA00C2C910 /* Character.swift */ = {isa = PBXFileReference; fileEncoding = 4; lastKnownFileType = sourcecode.swift; path = Character.swift; sourceTree = "<group>"; };
		B5843EC01F7A9D9400C2C910 /* Weapon.swift */ = {isa = PBXFileReference; fileEncoding = 4; lastKnownFileType = sourcecode.swift; path = Weapon.swift; sourceTree = "<group>"; };
		B5843EC21F7AE50400C2C910 /* Game.swift */ = {isa = PBXFileReference; fileEncoding = 4; lastKnownFileType = sourcecode.swift; path = Game.swift; sourceTree = "<group>"; };
		B5843EC41F7AE9D000C2C910 /* Player.swift */ = {isa = PBXFileReference; fileEncoding = 4; lastKnownFileType = sourcecode.swift; path = Player.swift; sourceTree = "<group>"; };
		B5843EC61F7AF1BC00C2C910 /* Statics.swift */ = {isa = PBXFileReference; fileEncoding = 4; lastKnownFileType = sourcecode.swift; path = Statics.swift; sourceTree = "<group>"; };
		B5843ECA1F7D824E00C2C910 /* GlobalPrinter.swift */ = {isa = PBXFileReference; fileEncoding = 4; lastKnownFileType = sourcecode.swift; path = GlobalPrinter.swift; sourceTree = "<group>"; };
/* End PBXFileReference section */

/* Begin PBXFrameworksBuildPhase section */
		B5843EA41F7A856900C2C910 /* Frameworks */ = {
			isa = PBXFrameworksBuildPhase;
			buildActionMask = 2147483647;
			files = (
			);
			runOnlyForDeploymentPostprocessing = 0;
		};
/* End PBXFrameworksBuildPhase section */

/* Begin PBXGroup section */
		B5843E9E1F7A856900C2C910 = {
			isa = PBXGroup;
			children = (
				B5843EA91F7A856900C2C910 /* Projet 3 - DA iOS */,
				B5843EA81F7A856900C2C910 /* Products */,
			);
			sourceTree = "<group>";
		};
		B5843EA81F7A856900C2C910 /* Products */ = {
			isa = PBXGroup;
			children = (
				B5843EA71F7A856900C2C910 /* Projet 3 - DA iOS */,
			);
			name = Products;
			sourceTree = "<group>";
		};
		B5843EA91F7A856900C2C910 /* Projet 3 - DA iOS */ = {
			isa = PBXGroup;
			children = (
				B5843EAA1F7A856900C2C910 /* main.swift */,
				B5843EC21F7AE50400C2C910 /* Game.swift */,
				B5843EC41F7AE9D000C2C910 /* Player.swift */,
				B5843EC61F7AF1BC00C2C910 /* Statics.swift */,
				B5843ECA1F7D824E00C2C910 /* GlobalPrinter.swift */,
				7B66FF071F97CF220001EC54 /* GlobalReadline.swift */,
				B5843EBB1F7A86F400C2C910 /* Characters */,
				B5843EC01F7A9D9400C2C910 /* Weapon.swift */,
				7B66FF091F991FD30001EC54 /* Box.swift */,
			);
			path = "Projet 3 - DA iOS";
			sourceTree = "<group>";
		};
		B5843EBB1F7A86F400C2C910 /* Characters */ = {
			isa = PBXGroup;
			children = (
				B5843EB91F7A86EA00C2C910 /* Character.swift */,
				B5843EB11F7A85AB00C2C910 /* Fighter.swift */,
				B5843EB31F7A85C200C2C910 /* Mage.swift */,
				B5843EB51F7A85D600C2C910 /* Colossus.swift */,
				B5843EB71F7A85DE00C2C910 /* Dwarf.swift */,
			);
			name = Characters;
			sourceTree = "<group>";
		};
/* End PBXGroup section */

/* Begin PBXNativeTarget section */
		B5843EA61F7A856900C2C910 /* Projet 3 - DA iOS */ = {
			isa = PBXNativeTarget;
			buildConfigurationList = B5843EAE1F7A856900C2C910 /* Build configuration list for PBXNativeTarget "Projet 3 - DA iOS" */;
			buildPhases = (
				B5843EA31F7A856900C2C910 /* Sources */,
				B5843EA41F7A856900C2C910 /* Frameworks */,
				B5843EA51F7A856900C2C910 /* CopyFiles */,
			);
			buildRules = (
			);
			dependencies = (
			);
			name = "Projet 3 - DA iOS";
			productName = "Projet 3 - DA iOS";
			productReference = B5843EA71F7A856900C2C910 /* Projet 3 - DA iOS */;
			productType = "com.apple.product-type.tool";
		};
/* End PBXNativeTarget section */

/* Begin PBXProject section */
		B5843E9F1F7A856900C2C910 /* Project object */ = {
			isa = PBXProject;
			attributes = {
				LastSwiftUpdateCheck = 0830;
				LastUpgradeCheck = 0830;
				ORGANIZATIONNAME = "Mustapha Gherras";
				TargetAttributes = {
					B5843EA61F7A856900C2C910 = {
						CreatedOnToolsVersion = 8.3.3;
						DevelopmentTeam = JCKLQR9UH4;
						ProvisioningStyle = Automatic;
					};
				};
			};
			buildConfigurationList = B5843EA21F7A856900C2C910 /* Build configuration list for PBXProject "Projet 3 - DA iOS" */;
			compatibilityVersion = "Xcode 3.2";
			developmentRegion = English;
			hasScannedForEncodings = 0;
			knownRegions = (
				en,
			);
			mainGroup = B5843E9E1F7A856900C2C910;
			productRefGroup = B5843EA81F7A856900C2C910 /* Products */;
			projectDirPath = "";
			projectRoot = "";
			targets = (
				B5843EA61F7A856900C2C910 /* Projet 3 - DA iOS */,
			);
		};
/* End PBXProject section */

/* Begin PBXSourcesBuildPhase section */
		B5843EA31F7A856900C2C910 /* Sources */ = {
			isa = PBXSourcesBuildPhase;
			buildActionMask = 2147483647;
			files = (
				B5843ECB1F7D824E00C2C910 /* GlobalPrinter.swift in Sources */,
				B5843EB61F7A85D600C2C910 /* Colossus.swift in Sources */,
				B5843EB41F7A85C200C2C910 /* Mage.swift in Sources */,
				B5843EB81F7A85DE00C2C910 /* Dwarf.swift in Sources */,
				B5843EC11F7A9D9400C2C910 /* Weapon.swift in Sources */,
				B5843EBA1F7A86EA00C2C910 /* Character.swift in Sources */,
				7B66FF0A1F991FD30001EC54 /* Box.swift in Sources */,
				B5843EAB1F7A856900C2C910 /* main.swift in Sources */,
				B5843EB21F7A85AB00C2C910 /* Fighter.swift in Sources */,
				7B66FF081F97CF220001EC54 /* GlobalReadline.swift in Sources */,
				B5843EC71F7AF1BC00C2C910 /* Statics.swift in Sources */,
				B5843EC51F7AE9D000C2C910 /* Player.swift in Sources */,
				B5843EC31F7AE50400C2C910 /* Game.swift in Sources */,
			);
			runOnlyForDeploymentPostprocessing = 0;
		};
/* End PBXSourcesBuildPhase section */

/* Begin XCBuildConfiguration section */
		B5843EAC1F7A856900C2C910 /* Debug */ = {
			isa = XCBuildConfiguration;
			buildSettings = {
				ALWAYS_SEARCH_USER_PATHS = NO;
				CLANG_ANALYZER_NONNULL = YES;
				CLANG_ANALYZER_NUMBER_OBJECT_CONVERSION = YES_AGGRESSIVE;
				CLANG_CXX_LANGUAGE_STANDARD = "gnu++0x";
				CLANG_CXX_LIBRARY = "libc++";
				CLANG_ENABLE_MODULES = YES;
				CLANG_ENABLE_OBJC_ARC = YES;
				CLANG_WARN_BOOL_CONVERSION = YES;
				CLANG_WARN_CONSTANT_CONVERSION = YES;
				CLANG_WARN_DIRECT_OBJC_ISA_USAGE = YES_ERROR;
				CLANG_WARN_DOCUMENTATION_COMMENTS = YES;
				CLANG_WARN_EMPTY_BODY = YES;
				CLANG_WARN_ENUM_CONVERSION = YES;
				CLANG_WARN_INFINITE_RECURSION = YES;
				CLANG_WARN_INT_CONVERSION = YES;
				CLANG_WARN_OBJC_ROOT_CLASS = YES_ERROR;
				CLANG_WARN_SUSPICIOUS_MOVE = YES;
				CLANG_WARN_UNREACHABLE_CODE = YES;
				CLANG_WARN__DUPLICATE_METHOD_MATCH = YES;
				CODE_SIGN_IDENTITY = "-";
				COPY_PHASE_STRIP = NO;
				DEBUG_INFORMATION_FORMAT = dwarf;
				ENABLE_STRICT_OBJC_MSGSEND = YES;
				ENABLE_TESTABILITY = YES;
				GCC_C_LANGUAGE_STANDARD = gnu99;
				GCC_DYNAMIC_NO_PIC = NO;
				GCC_NO_COMMON_BLOCKS = YES;
				GCC_OPTIMIZATION_LEVEL = 0;
				GCC_PREPROCESSOR_DEFINITIONS = (
					"DEBUG=1",
					"$(inherited)",
				);
				GCC_WARN_64_TO_32_BIT_CONVERSION = YES;
				GCC_WARN_ABOUT_RETURN_TYPE = YES_ERROR;
				GCC_WARN_UNDECLARED_SELECTOR = YES;
				GCC_WARN_UNINITIALIZED_AUTOS = YES_AGGRESSIVE;
				GCC_WARN_UNUSED_FUNCTION = YES;
				GCC_WARN_UNUSED_VARIABLE = YES;
				MACOSX_DEPLOYMENT_TARGET = 10.12;
				MTL_ENABLE_DEBUG_INFO = YES;
				ONLY_ACTIVE_ARCH = YES;
				SDKROOT = macosx;
				SWIFT_OPTIMIZATION_LEVEL = "-Onone";
			};
			name = Debug;
		};
		B5843EAD1F7A856900C2C910 /* Release */ = {
			isa = XCBuildConfiguration;
			buildSettings = {
				ALWAYS_SEARCH_USER_PATHS = NO;
				CLANG_ANALYZER_NONNULL = YES;
				CLANG_ANALYZER_NUMBER_OBJECT_CONVERSION = YES_AGGRESSIVE;
				CLANG_CXX_LANGUAGE_STANDARD = "gnu++0x";
				CLANG_CXX_LIBRARY = "libc++";
				CLANG_ENABLE_MODULES = YES;
				CLANG_ENABLE_OBJC_ARC = YES;
				CLANG_WARN_BOOL_CONVERSION = YES;
				CLANG_WARN_CONSTANT_CONVERSION = YES;
				CLANG_WARN_DIRECT_OBJC_ISA_USAGE = YES_ERROR;
				CLANG_WARN_DOCUMENTATION_COMMENTS = YES;
				CLANG_WARN_EMPTY_BODY = YES;
				CLANG_WARN_ENUM_CONVERSION = YES;
				CLANG_WARN_INFINITE_RECURSION = YES;
				CLANG_WARN_INT_CONVERSION = YES;
				CLANG_WARN_OBJC_ROOT_CLASS = YES_ERROR;
				CLANG_WARN_SUSPICIOUS_MOVE = YES;
				CLANG_WARN_UNREACHABLE_CODE = YES;
				CLANG_WARN__DUPLICATE_METHOD_MATCH = YES;
				CODE_SIGN_IDENTITY = "-";
				COPY_PHASE_STRIP = NO;
				DEBUG_INFORMATION_FORMAT = "dwarf-with-dsym";
				ENABLE_NS_ASSERTIONS = NO;
				ENABLE_STRICT_OBJC_MSGSEND = YES;
				GCC_C_LANGUAGE_STANDARD = gnu99;
				GCC_NO_COMMON_BLOCKS = YES;
				GCC_WARN_64_TO_32_BIT_CONVERSION = YES;
				GCC_WARN_ABOUT_RETURN_TYPE = YES_ERROR;
				GCC_WARN_UNDECLARED_SELECTOR = YES;
				GCC_WARN_UNINITIALIZED_AUTOS = YES_AGGRESSIVE;
				GCC_WARN_UNUSED_FUNCTION = YES;
				GCC_WARN_UNUSED_VARIABLE = YES;
				MACOSX_DEPLOYMENT_TARGET = 10.12;
				MTL_ENABLE_DEBUG_INFO = NO;
				SDKROOT = macosx;
			};
			name = Release;
		};
		B5843EAF1F7A856900C2C910 /* Debug */ = {
			isa = XCBuildConfiguration;
			buildSettings = {
				DEVELOPMENT_TEAM = JCKLQR9UH4;
				PRODUCT_NAME = "$(TARGET_NAME)";
				SWIFT_VERSION = 3.0;
			};
			name = Debug;
		};
		B5843EB01F7A856900C2C910 /* Release */ = {
			isa = XCBuildConfiguration;
			buildSettings = {
				DEVELOPMENT_TEAM = JCKLQR9UH4;
				PRODUCT_NAME = "$(TARGET_NAME)";
				SWIFT_VERSION = 3.0;
			};
			name = Release;
		};
/* End XCBuildConfiguration section */

/* Begin XCConfigurationList section */
		B5843EA21F7A856900C2C910 /* Build configuration list for PBXProject "Projet 3 - DA iOS" */ = {
			isa = XCConfigurationList;
			buildConfigurations = (
				B5843EAC1F7A856900C2C910 /* Debug */,
				B5843EAD1F7A856900C2C910 /* Release */,
			);
			defaultConfigurationIsVisible = 0;
			defaultConfigurationName = Release;
		};
		B5843EAE1F7A856900C2C910 /* Build configuration list for PBXNativeTarget "Projet 3 - DA iOS" */ = {
			isa = XCConfigurationList;
			buildConfigurations = (
				B5843EAF1F7A856900C2C910 /* Debug */,
				B5843EB01F7A856900C2C910 /* Release */,
			);
			defaultConfigurationIsVisible = 0;
			defaultConfigurationName = Release;
		};
/* End XCConfigurationList section */
	};
	rootObject = B5843E9F1F7A856900C2C910 /* Project object */;
}
